// !$*UTF8*$!
{
	archiveVersion = 1;
	classes = {
	};
	objectVersion = 50;
	objects = {

/* Begin PBXBuildFile section */
		32133858225B38AC001C0C4E /* AppDelegate.swift in Sources */ = {isa = PBXBuildFile; fileRef = 32133857225B38AC001C0C4E /* AppDelegate.swift */; };
		3213385D225B38AC001C0C4E /* Main.storyboard in Resources */ = {isa = PBXBuildFile; fileRef = 3213385B225B38AC001C0C4E /* Main.storyboard */; };
		3213385F225B38B0001C0C4E /* Assets.xcassets in Resources */ = {isa = PBXBuildFile; fileRef = 3213385E225B38B0001C0C4E /* Assets.xcassets */; };
		32133862225B38B0001C0C4E /* LaunchScreen.storyboard in Resources */ = {isa = PBXBuildFile; fileRef = 32133860225B38B0001C0C4E /* LaunchScreen.storyboard */; };
		3213386C225C72E2001C0C4E /* CreatQRcodeViewController.swift in Sources */ = {isa = PBXBuildFile; fileRef = 3213386B225C72E2001C0C4E /* CreatQRcodeViewController.swift */; };
		3213386E225C8C07001C0C4E /* QRCodeScanTool.swift in Sources */ = {isa = PBXBuildFile; fileRef = 3213386D225C8C07001C0C4E /* QRCodeScanTool.swift */; };
		32133870225EC625001C0C4E /* ScanDemoViewController.swift in Sources */ = {isa = PBXBuildFile; fileRef = 3213386F225EC625001C0C4E /* ScanDemoViewController.swift */; };
/* End PBXBuildFile section */

/* Begin PBXFileReference section */
		32133854225B38AC001C0C4E /* QRCodeScan.app */ = {isa = PBXFileReference; explicitFileType = wrapper.application; includeInIndex = 0; path = QRCodeScan.app; sourceTree = BUILT_PRODUCTS_DIR; };
		32133857225B38AC001C0C4E /* AppDelegate.swift */ = {isa = PBXFileReference; lastKnownFileType = sourcecode.swift; path = AppDelegate.swift; sourceTree = "<group>"; };
		3213385C225B38AC001C0C4E /* Base */ = {isa = PBXFileReference; lastKnownFileType = file.storyboard; name = Base; path = Base.lproj/Main.storyboard; sourceTree = "<group>"; };
		3213385E225B38B0001C0C4E /* Assets.xcassets */ = {isa = PBXFileReference; lastKnownFileType = folder.assetcatalog; path = Assets.xcassets; sourceTree = "<group>"; };
		32133861225B38B0001C0C4E /* Base */ = {isa = PBXFileReference; lastKnownFileType = file.storyboard; name = Base; path = Base.lproj/LaunchScreen.storyboard; sourceTree = "<group>"; };
		32133863225B38B0001C0C4E /* Info.plist */ = {isa = PBXFileReference; lastKnownFileType = text.plist.xml; path = Info.plist; sourceTree = "<group>"; };
		3213386B225C72E2001C0C4E /* CreatQRcodeViewController.swift */ = {isa = PBXFileReference; lastKnownFileType = sourcecode.swift; path = CreatQRcodeViewController.swift; sourceTree = "<group>"; };
		3213386D225C8C07001C0C4E /* QRCodeScanTool.swift */ = {isa = PBXFileReference; lastKnownFileType = sourcecode.swift; path = QRCodeScanTool.swift; sourceTree = "<group>"; };
		3213386F225EC625001C0C4E /* ScanDemoViewController.swift */ = {isa = PBXFileReference; lastKnownFileType = sourcecode.swift; path = ScanDemoViewController.swift; sourceTree = "<group>"; };
/* End PBXFileReference section */

/* Begin PBXFrameworksBuildPhase section */
		32133851225B38AC001C0C4E /* Frameworks */ = {
			isa = PBXFrameworksBuildPhase;
			buildActionMask = 2147483647;
			files = (
			);
			runOnlyForDeploymentPostprocessing = 0;
		};
/* End PBXFrameworksBuildPhase section */

/* Begin PBXGroup section */
		3213384B225B38AC001C0C4E = {
			isa = PBXGroup;
			children = (
				32133856225B38AC001C0C4E /* QRCodeScan */,
				32133855225B38AC001C0C4E /* Products */,
			);
			sourceTree = "<group>";
		};
		32133855225B38AC001C0C4E /* Products */ = {
			isa = PBXGroup;
			children = (
				32133854225B38AC001C0C4E /* QRCodeScan.app */,
			);
			name = Products;
			sourceTree = "<group>";
		};
		32133856225B38AC001C0C4E /* QRCodeScan */ = {
			isa = PBXGroup;
			children = (
				3213386D225C8C07001C0C4E /* QRCodeScanTool.swift */,
				32133857225B38AC001C0C4E /* AppDelegate.swift */,
				3213386F225EC625001C0C4E /* ScanDemoViewController.swift */,
				3213386B225C72E2001C0C4E /* CreatQRcodeViewController.swift */,
				3213385B225B38AC001C0C4E /* Main.storyboard */,
				3213385E225B38B0001C0C4E /* Assets.xcassets */,
				32133860225B38B0001C0C4E /* LaunchScreen.storyboard */,
				32133863225B38B0001C0C4E /* Info.plist */,
			);
			path = QRCodeScan;
			sourceTree = "<group>";
		};
/* End PBXGroup section */

/* Begin PBXNativeTarget section */
		32133853225B38AC001C0C4E /* QRCodeScan */ = {
			isa = PBXNativeTarget;
			buildConfigurationList = 32133866225B38B0001C0C4E /* Build configuration list for PBXNativeTarget "QRCodeScan" */;
			buildPhases = (
				32133850225B38AC001C0C4E /* Sources */,
				32133851225B38AC001C0C4E /* Frameworks */,
				32133852225B38AC001C0C4E /* Resources */,
			);
			buildRules = (
			);
			dependencies = (
			);
			name = QRCodeScan;
			productName = QRCodeScan;
			productReference = 32133854225B38AC001C0C4E /* QRCodeScan.app */;
			productType = "com.apple.product-type.application";
		};
/* End PBXNativeTarget section */

/* Begin PBXProject section */
		3213384C225B38AC001C0C4E /* Project object */ = {
			isa = PBXProject;
			attributes = {
				LastSwiftUpdateCheck = 1010;
				LastUpgradeCheck = 1010;
				ORGANIZATIONNAME = sai;
				TargetAttributes = {
					32133853225B38AC001C0C4E = {
						CreatedOnToolsVersion = 10.1;
					};
				};
			};
			buildConfigurationList = 3213384F225B38AC001C0C4E /* Build configuration list for PBXProject "QRCodeScan" */;
			compatibilityVersion = "Xcode 9.3";
			developmentRegion = en;
			hasScannedForEncodings = 0;
			knownRegions = (
				en,
				Base,
			);
			mainGroup = 3213384B225B38AC001C0C4E;
			productRefGroup = 32133855225B38AC001C0C4E /* Products */;
			projectDirPath = "";
			projectRoot = "";
			targets = (
				32133853225B38AC001C0C4E /* QRCodeScan */,
			);
		};
/* End PBXProject section */

/* Begin PBXResourcesBuildPhase section */
		32133852225B38AC001C0C4E /* Resources */ = {
			isa = PBXResourcesBuildPhase;
			buildActionMask = 2147483647;
			files = (
				32133862225B38B0001C0C4E /* LaunchScreen.storyboard in Resources */,
				3213385F225B38B0001C0C4E /* Assets.xcassets in Resources */,
				3213385D225B38AC001C0C4E /* Main.storyboard in Resources */,
			);
			runOnlyForDeploymentPostprocessing = 0;
		};
/* End PBXResourcesBuildPhase section */

/* Begin PBXSourcesBuildPhase section */
		32133850225B38AC001C0C4E /* Sources */ = {
			isa = PBXSourcesBuildPhase;
			buildActionMask = 2147483647;
			files = (
				3213386E225C8C07001C0C4E /* QRCodeScanTool.swift in Sources */,
				32133858225B38AC001C0C4E /* AppDelegate.swift in Sources */,
				3213386C225C72E2001C0C4E /* CreatQRcodeViewController.swift in Sources */,
				32133870225EC625001C0C4E /* ScanDemoViewController.swift in Sources */,
			);
			runOnlyForDeploymentPostprocessing = 0;
		};
/* End PBXSourcesBuildPhase section */

/* Begin PBXVariantGroup section */
		3213385B225B38AC001C0C4E /* Main.storyboard */ = {
			isa = PBXVariantGroup;
			children = (
				3213385C225B38AC001C0C4E /* Base */,
			);
			name = Main.storyboard;
			sourceTree = "<group>";
		};
		32133860225B38B0001C0C4E /* LaunchScreen.storyboard */ = {
			isa = PBXVariantGroup;
			children = (
				32133861225B38B0001C0C4E /* Base */,
			);
			name = LaunchScreen.storyboard;
			sourceTree = "<group>";
		};
/* End PBXVariantGroup section */

/* Begin XCBuildConfiguration section */
		32133864225B38B0001C0C4E /* Debug */ = {
			isa = XCBuildConfiguration;
			buildSettings = {
				ALWAYS_SEARCH_USER_PATHS = NO;
				CLANG_ANALYZER_NONNULL = YES;
				CLANG_ANALYZER_NUMBER_OBJECT_CONVERSION = YES_AGGRESSIVE;
				CLANG_CXX_LANGUAGE_STANDARD = "gnu++14";
				CLANG_CXX_LIBRARY = "libc++";
				CLANG_ENABLE_MODULES = YES;
				CLANG_ENABLE_OBJC_ARC = YES;
				CLANG_ENABLE_OBJC_WEAK = YES;
				CLANG_WARN_BLOCK_CAPTURE_AUTORELEASING = YES;
				CLANG_WARN_BOOL_CONVERSION = YES;
				CLANG_WARN_COMMA = YES;
				CLANG_WARN_CONSTANT_CONVERSION = YES;
				CLANG_WARN_DEPRECATED_OBJC_IMPLEMENTATIONS = YES;
				CLANG_WARN_DIRECT_OBJC_ISA_USAGE = YES_ERROR;
				CLANG_WARN_DOCUMENTATION_COMMENTS = YES;
				CLANG_WARN_EMPTY_BODY = YES;
				CLANG_WARN_ENUM_CONVERSION = YES;
				CLANG_WARN_INFINITE_RECURSION = YES;
				CLANG_WARN_INT_CONVERSION = YES;
				CLANG_WARN_NON_LITERAL_NULL_CONVERSION = YES;
				CLANG_WARN_OBJC_IMPLICIT_RETAIN_SELF = YES;
				CLANG_WARN_OBJC_LITERAL_CONVERSION = YES;
				CLANG_WARN_OBJC_ROOT_CLASS = YES_ERROR;
				CLANG_WARN_RANGE_LOOP_ANALYSIS = YES;
				CLANG_WARN_STRICT_PROTOTYPES = YES;
				CLANG_WARN_SUSPICIOUS_MOVE = YES;
				CLANG_WARN_UNGUARDED_AVAILABILITY = YES_AGGRESSIVE;
				CLANG_WARN_UNREACHABLE_CODE = YES;
				CLANG_WARN__DUPLICATE_METHOD_MATCH = YES;
				CODE_SIGN_IDENTITY = "iPhone Developer";
				COPY_PHASE_STRIP = NO;
				DEBUG_INFORMATION_FORMAT = dwarf;
				ENABLE_STRICT_OBJC_MSGSEND = YES;
				ENABLE_TESTABILITY = YES;
				GCC_C_LANGUAGE_STANDARD = gnu11;
				GCC_DYNAMIC_NO_PIC = NO;
				GCC_NO_COMMON_BLOCKS = YES;
				GCC_OPTIMIZATION_LEVEL = 0;
				GCC_PREPROCESSOR_DEFINITIONS = (
					"DEBUG=1",
					"$(inherited)",
				);
				GCC_WARN_64_TO_32_BIT_CONVERSION = YES;
				GCC_WARN_ABOUT_RETURN_TYPE = YES_ERROR;
				GCC_WARN_UNDECLARED_SELECTOR = YES;
				GCC_WARN_UNINITIALIZED_AUTOS = YES_AGGRESSIVE;
				GCC_WARN_UNUSED_FUNCTION = YES;
				GCC_WARN_UNUSED_VARIABLE = YES;
				IPHONEOS_DEPLOYMENT_TARGET = 12.1;
				MTL_ENABLE_DEBUG_INFO = INCLUDE_SOURCE;
				MTL_FAST_MATH = YES;
				ONLY_ACTIVE_ARCH = YES;
				SDKROOT = iphoneos;
				SWIFT_ACTIVE_COMPILATION_CONDITIONS = DEBUG;
				SWIFT_OPTIMIZATION_LEVEL = "-Onone";
			};
			name = Debug;
		};
		32133865225B38B0001C0C4E /* Release */ = {
			isa = XCBuildConfiguration;
			buildSettings = {
				ALWAYS_SEARCH_USER_PATHS = NO;
				CLANG_ANALYZER_NONNULL = YES;
				CLANG_ANALYZER_NUMBER_OBJECT_CONVERSION = YES_AGGRESSIVE;
				CLANG_CXX_LANGUAGE_STANDARD = "gnu++14";
				CLANG_CXX_LIBRARY = "libc++";
				CLANG_ENABLE_MODULES = YES;
				CLANG_ENABLE_OBJC_ARC = YES;
				CLANG_ENABLE_OBJC_WEAK = YES;
				CLANG_WARN_BLOCK_CAPTURE_AUTORELEASING = YES;
				CLANG_WARN_BOOL_CONVERSION = YES;
				CLANG_WARN_COMMA = YES;
				CLANG_WARN_CONSTANT_CONVERSION = YES;
				CLANG_WARN_DEPRECATED_OBJC_IMPLEMENTATIONS = YES;
				CLANG_WARN_DIRECT_OBJC_ISA_USAGE = YES_ERROR;
				CLANG_WARN_DOCUMENTATION_COMMENTS = YES;
				CLANG_WARN_EMPTY_BODY = YES;
				CLANG_WARN_ENUM_CONVERSION = YES;
				CLANG_WARN_INFINITE_RECURSION = YES;
				CLANG_WARN_INT_CONVERSION = YES;
				CLANG_WARN_NON_LITERAL_NULL_CONVERSION = YES;
				CLANG_WARN_OBJC_IMPLICIT_RETAIN_SELF = YES;
				CLANG_WARN_OBJC_LITERAL_CONVERSION = YES;
				CLANG_WARN_OBJC_ROOT_CLASS = YES_ERROR;
				CLANG_WARN_RANGE_LOOP_ANALYSIS = YES;
				CLANG_WARN_STRICT_PROTOTYPES = YES;
				CLANG_WARN_SUSPICIOUS_MOVE = YES;
				CLANG_WARN_UNGUARDED_AVAILABILITY = YES_AGGRESSIVE;
				CLANG_WARN_UNREACHABLE_CODE = YES;
				CLANG_WARN__DUPLICATE_METHOD_MATCH = YES;
				CODE_SIGN_IDENTITY = "iPhone Developer";
				COPY_PHASE_STRIP = NO;
				DEBUG_INFORMATION_FORMAT = "dwarf-with-dsym";
				ENABLE_NS_ASSERTIONS = NO;
				ENABLE_STRICT_OBJC_MSGSEND = YES;
				GCC_C_LANGUAGE_STANDARD = gnu11;
				GCC_NO_COMMON_BLOCKS = YES;
				GCC_WARN_64_TO_32_BIT_CONVERSION = YES;
				GCC_WARN_ABOUT_RETURN_TYPE = YES_ERROR;
				GCC_WARN_UNDECLARED_SELECTOR = YES;
				GCC_WARN_UNINITIALIZED_AUTOS = YES_AGGRESSIVE;
				GCC_WARN_UNUSED_FUNCTION = YES;
				GCC_WARN_UNUSED_VARIABLE = YES;
				IPHONEOS_DEPLOYMENT_TARGET = 12.1;
				MTL_ENABLE_DEBUG_INFO = NO;
				MTL_FAST_MATH = YES;
				SDKROOT = iphoneos;
				SWIFT_COMPILATION_MODE = wholemodule;
				SWIFT_OPTIMIZATION_LEVEL = "-O";
				VALIDATE_PRODUCT = YES;
			};
			name = Release;
		};
		32133867225B38B0001C0C4E /* Debug */ = {
			isa = XCBuildConfiguration;
			buildSettings = {
				ASSETCATALOG_COMPILER_APPICON_NAME = AppIcon;
				CODE_SIGN_STYLE = Automatic;
				DEVELOPMENT_TEAM = 76TDZ8ZRC2;
				INFOPLIST_FILE = QRCodeScan/Info.plist;
				IPHONEOS_DEPLOYMENT_TARGET = 9.0;
				LD_RUNPATH_SEARCH_PATHS = (
					"$(inherited)",
					"@executable_path/Frameworks",
				);
				PRODUCT_BUNDLE_IDENTIFIER = com.sai.QRCodeScan.QRCodeScan;
				PRODUCT_NAME = "$(TARGET_NAME)";
				SWIFT_VERSION = 4.2;
				TARGETED_DEVICE_FAMILY = "1,2";
			};
			name = Debug;
		};
		32133868225B38B0001C0C4E /* Release */ = {
			isa = XCBuildConfiguration;
			buildSettings = {
				ASSETCATALOG_COMPILER_APPICON_NAME = AppIcon;
				CODE_SIGN_STYLE = Automatic;
				DEVELOPMENT_TEAM = 76TDZ8ZRC2;
				INFOPLIST_FILE = QRCodeScan/Info.plist;
				IPHONEOS_DEPLOYMENT_TARGET = 9.0;
				LD_RUNPATH_SEARCH_PATHS = (
					"$(inherited)",
					"@executable_path/Frameworks",
				);
				PRODUCT_BUNDLE_IDENTIFIER = com.sai.QRCodeScan.QRCodeScan;
				PRODUCT_NAME = "$(TARGET_NAME)";
				SWIFT_VERSION = 4.2;
				TARGETED_DEVICE_FAMILY = "1,2";
			};
			name = Release;
		};
/* End XCBuildConfiguration section */

/* Begin XCConfigurationList section */
		3213384F225B38AC001C0C4E /* Build configuration list for PBXProject "QRCodeScan" */ = {
			isa = XCConfigurationList;
			buildConfigurations = (
				32133864225B38B0001C0C4E /* Debug */,
				32133865225B38B0001C0C4E /* Release */,
			);
			defaultConfigurationIsVisible = 0;
			defaultConfigurationName = Release;
		};
		32133866225B38B0001C0C4E /* Build configuration list for PBXNativeTarget "QRCodeScan" */ = {
			isa = XCConfigurationList;
			buildConfigurations = (
				32133867225B38B0001C0C4E /* Debug */,
				32133868225B38B0001C0C4E /* Release */,
			);
			defaultConfigurationIsVisible = 0;
			defaultConfigurationName = Release;
		};
/* End XCConfigurationList section */
	};
	rootObject = 3213384C225B38AC001C0C4E /* Project object */;
}
